
Microsoft Visual Studio Solution File, Format Version 12.00
# Visual Studio 15
VisualStudioVersion = 15.0.28307.902
MinimumVisualStudioVersion = 10.0.40219.1
Project("{F184B08F-C81C-45F6-A57F-5ABD9991F28F}") = "Lab3_AverageUnitsShipped_AAgrippa", "Lab3_AverageUnitsShipped_AAgrippa\Lab3_AverageUnitsShipped_AAgrippa.vbproj", "{E35CBD70-84CB-4B78-BC8B-F42D51650CE7}"
EndProject
Global
	GlobalSection(SolutionConfigurationPlatforms) = preSolution
		Debug|Any CPU = Debug|Any CPU
		Release|Any CPU = Release|Any CPU
	EndGlobalSection
	GlobalSection(ProjectConfigurationPlatforms) = postSolution
		{E35CBD70-84CB-4B78-BC8B-F42D51650CE7}.Debug|Any CPU.ActiveCfg = Debug|Any CPU
		{E35CBD70-84CB-4B78-BC8B-F42D51650CE7}.Debug|Any CPU.Build.0 = Debug|Any CPU
		{E35CBD70-84CB-4B78-BC8B-F42D51650CE7}.Release|Any CPU.ActiveCfg = Release|Any CPU
		{E35CBD70-84CB-4B78-BC8B-F42D51650CE7}.Release|Any CPU.Build.0 = Release|Any CPU
	EndGlobalSection
	GlobalSection(SolutionProperties) = preSolution
		HideSolutionNode = FALSE
	EndGlobalSection
	GlobalSection(ExtensibilityGlobals) = postSolution
		SolutionGuid = {20866267-E0F9-420A-9CCF-6D47C99B1B32}
	EndGlobalSection
EndGlobal
